lockfileVersion: 5.3

specifiers:
  '@vitejs/plugin-vue': ^1.6.0
  '@vue/compiler-sfc': ^3.2.6
  bootstrap-scss: ^5.1.0
  bulma: ^0.9.3
  font-awesome: ^4.7.0
  formiojs: ^4.13.5
  glob: ^7.1.7
  sass: ^1.38.2
  vite: ^2.5.2
  vue: ^3.2.6
  vue-router: '4'
  vuex: ^4.0.2

dependencies:
  bulma: 0.9.3
  font-awesome: 4.7.0
  formiojs: 4.13.5
  vue: 3.2.6
  vue-router: 4.0.11_vue@3.2.6
  vuex: 4.0.2_vue@3.2.6

devDependencies:
  '@vitejs/plugin-vue': 1.6.0_@vue+compiler-sfc@3.2.6
  '@vue/compiler-sfc': 3.2.6
  bootstrap-scss: 5.1.0
  glob: 7.1.7
  sass: 1.38.2
  vite: 2.5.2

packages:

  /@babel/helper-validator-identifier/7.14.9:
    resolution: {integrity: sha512-pQYxPY0UP6IHISRitNe8bsijHex4TWZXi2HwKVsjPiltzlhse2znVcm9Ace510VT1kxIHjGJCZZQBX2gJDbo0g==}
    engines: {node: '>=6.9.0'}

  /@babel/parser/7.15.3:
    resolution: {integrity: sha512-O0L6v/HvqbdJawj0iBEfVQMc3/6WP+AeOsovsIgBFyJaG+W2w7eqvZB7puddATmWuARlm1SX7DwxJ/JJUnDpEA==}
    engines: {node: '>=6.0.0'}
    hasBin: true

  /@babel/runtime/7.15.4:
    resolution: {integrity: sha512-99catp6bHCaxr4sJ/DbTGgHS4+Rs2RVd2g7iOap6SLGPDknRK9ztKNsE/Fg6QhSeh1FGE5f6gHGQmvvn3I3xhw==}
    engines: {node: '>=6.9.0'}
    dependencies:
      regenerator-runtime: 0.13.9
    dev: false

  /@babel/types/7.15.0:
    resolution: {integrity: sha512-OBvfqnllOIdX4ojTHpwZbpvz4j3EWyjkZEdmjH0/cgsd6QOdSgU8rLSk6ard/pcW7rlmjdVSX/AWOaORR1uNOQ==}
    engines: {node: '>=6.9.0'}
    dependencies:
      '@babel/helper-validator-identifier': 7.14.9
      to-fast-properties: 2.0.0

  /@formio/bootstrap3/2.11.4-rc.1:
    resolution: {integrity: sha512-HyQNjO9SRnLm/t2aQRbEPB3MMBcyOAnh8nholR+T1OnN2dHoq5521eOB2wyrxzV/DpgNJ0/SqMyu9xVsW1QLug==}
    dependencies:
      resize-observer-polyfill: 1.5.1
    dev: false

  /@formio/choices.js/9.0.1:
    resolution: {integrity: sha512-+JQRWH0yhaeemVJGE1L4oPe9KPFhipzDlms3Pd31gePXpy8q7Mf3Is54/f0fc88+mWeMjK4GyIhcKIKmuGx5Xw==}
    dependencies:
      deepmerge: 4.2.2
      fuse.js: 3.6.1
      redux: 4.1.1
    dev: false

  /@formio/semantic/2.5.3:
    resolution: {integrity: sha512-dZ3L2565K5st8S93lwkx8VIdiZF3nnHi7qyfvzAF5AeIEl2YcXnRzp6Uvr2c5nD6Nk7F9V7tCzGFkJjz3WRPWA==}
    dev: false

  /@formio/vanilla-text-mask/5.1.1:
    resolution: {integrity: sha512-7MhrbMypySPi7RLchg0ys7HnS3Wqddbq/btAijKB1nA94TE7AOOLhpZJWcNm3kOlX0Y3nHfoavj/HP7vsvF34Q==}
    dev: false

  /@sphinxxxx/color-conversion/2.2.2:
    resolution: {integrity: sha512-XExJS3cLqgrmNBIP3bBw6+1oQ1ksGjFh0+oClDKFYpCCqx/hlqwWO5KO/S63fzUo67SxI9dMrF0y5T/Ey7h8Zw==}
    dev: false

  /@types/estree/0.0.48:
    resolution: {integrity: sha512-LfZwXoGUDo0C3me81HXgkBg5CTQYb6xzEl+fNmbO4JdRiSKQ8A0GD1OBBvKAIsbCUgoyAty7m99GqqMQe784ew==}
    dev: true

  /@vitejs/plugin-vue/1.6.0_@vue+compiler-sfc@3.2.6:
    resolution: {integrity: sha512-n3i8htn8pTg9M+kM3cnEfsPZx/6ngInlTroth6fA1LQTJq5aTVQ8ggaE5pPoAy9vCgHPtcaXMzwpldhqRAkebQ==}
    engines: {node: '>=12.0.0'}
    peerDependencies:
      '@vue/compiler-sfc': ^3.2.6
    dependencies:
      '@vue/compiler-sfc': 3.2.6
    dev: true

  /@vue/compiler-core/3.2.6:
    resolution: {integrity: sha512-vbwnz7+OhtLO5p5i630fTuQCL+MlUpEMTKHuX+RfetQ+3pFCkItt2JUH+9yMaBG2Hkz6av+T9mwN/acvtIwpbw==}
    dependencies:
      '@babel/parser': 7.15.3
      '@babel/types': 7.15.0
      '@vue/shared': 3.2.6
      estree-walker: 2.0.2
      source-map: 0.6.1

  /@vue/compiler-dom/3.2.6:
    resolution: {integrity: sha512-+a/3oBAzFIXhHt8L5IHJOTP4a5egzvpXYyi13jR7CUYOR1S+Zzv7vBWKYBnKyJLwnrxTZnTQVjeHCgJq743XKg==}
    dependencies:
      '@vue/compiler-core': 3.2.6
      '@vue/shared': 3.2.6

  /@vue/compiler-sfc/3.2.6:
    resolution: {integrity: sha512-Ariz1eDsf+2fw6oWXVwnBNtfKHav72RjlWXpEgozYBLnfRPzP+7jhJRw4Nq0OjSsLx2HqjF3QX7HutTjYB0/eA==}
    dependencies:
      '@babel/parser': 7.15.3
      '@babel/types': 7.15.0
      '@types/estree': 0.0.48
      '@vue/compiler-core': 3.2.6
      '@vue/compiler-dom': 3.2.6
      '@vue/compiler-ssr': 3.2.6
      '@vue/ref-transform': 3.2.6
      '@vue/shared': 3.2.6
      consolidate: 0.16.0
      estree-walker: 2.0.2
      hash-sum: 2.0.0
      lru-cache: 5.1.1
      magic-string: 0.25.7
      merge-source-map: 1.1.0
      postcss: 8.3.6
      postcss-modules: 4.2.2_postcss@8.3.6
      postcss-selector-parser: 6.0.6
      source-map: 0.6.1
    dev: true

  /@vue/compiler-ssr/3.2.6:
    resolution: {integrity: sha512-A7IKRKHSyPnTC4w1FxHkjzoyjXInsXkcs/oX22nBQ+6AWlXj2Tt1le96CWPOXy5vYlsTYkF1IgfBaKIdeN/39g==}
    dependencies:
      '@vue/compiler-dom': 3.2.6
      '@vue/shared': 3.2.6
    dev: true

  /@vue/devtools-api/6.0.0-beta.15:
    resolution: {integrity: sha512-quBx4Jjpexo6KDiNUGFr/zF/2A4srKM9S9v2uHgMXSU//hjgq1eGzqkIFql8T9gfX5ZaVOUzYBP3jIdIR3PKIA==}
    dev: false

  /@vue/reactivity/3.2.6:
    resolution: {integrity: sha512-8vIDD2wpCnYisNNZjmcIj+Rixn0uhZNY3G1vzlgdVdLygeRSuFjkmnZk6WwvGzUWpKfnG0e/NUySM3mVi59hAA==}
    dependencies:
      '@vue/shared': 3.2.6
    dev: false

  /@vue/ref-transform/3.2.6:
    resolution: {integrity: sha512-ie39+Y4nbirDLvH+WEq6Eo/l3n3mFATayqR+kEMSphrtMW6Uh/eEMx1Gk2Jnf82zmj3VLRq7dnmPx72JLcBYkQ==}
    dependencies:
      '@babel/parser': 7.15.3
      '@vue/compiler-core': 3.2.6
      '@vue/shared': 3.2.6
      estree-walker: 2.0.2
      magic-string: 0.25.7
    dev: true

  /@vue/runtime-core/3.2.6:
    resolution: {integrity: sha512-3mqtgpj/YSGFxtvTufSERRApo92B16JNNxz9p+5eG6PPuqTmuRJz214MqhKBEgLEAIQ6R6YCbd83ZDtjQnyw2g==}
    dependencies:
      '@vue/reactivity': 3.2.6
      '@vue/shared': 3.2.6
    dev: false

  /@vue/runtime-dom/3.2.6:
    resolution: {integrity: sha512-fq33urnP0BNCGm2O3KCzkJlKIHI80C94HJ4qDZbjsTtxyOn5IHqwKSqXVN3RQvO6epcQH+sWS+JNwcNDPzoasg==}
    dependencies:
      '@vue/runtime-core': 3.2.6
      '@vue/shared': 3.2.6
      csstype: 2.6.17
    dev: false

  /@vue/shared/3.2.6:
    resolution: {integrity: sha512-uwX0Qs2e6kdF+WmxwuxJxOnKs/wEkMArtYpHSm7W+VY/23Tl8syMRyjnzEeXrNCAP0/8HZxEGkHJsjPEDNRuHw==}

  /anymatch/3.1.2:
    resolution: {integrity: sha512-P43ePfOAIupkguHUycrc4qJ9kz8ZiuOUijaETwX7THt0Y/GNK7v0aa8rY816xWjZ7rJdA5XdMcpVFTKMq+RvWg==}
    engines: {node: '>= 8'}
    dependencies:
      normalize-path: 3.0.0
      picomatch: 2.3.0
    dev: true

  /atoa/1.0.0:
    resolution: {integrity: sha1-DMDpGkgOc4+SPrwQNnZHF3mzSkk=}
    dev: false

  /autocompleter/6.1.2:
    resolution: {integrity: sha512-DfEcgxBJOTJJwxkIRZLv/ggD3g5w/fqzZkdJsOcgk7hjxw36lH/nAfIEXzV7qDE55swnYEe43E/WhZPXmSFfsA==}
    dev: false

  /available-typed-arrays/1.0.5:
    resolution: {integrity: sha512-DMD0KiN46eipeziST1LPP/STfDU0sufISXmjSgvVsoU2tqxctQeASejWcfNtxYKqETM1UxQ8sp2OrSBWpHY6sw==}
    engines: {node: '>= 0.4'}
    dev: false

  /balanced-match/1.0.2:
    resolution: {integrity: sha512-3oSeUO0TMV67hN1AmbXsK4yaqU7tjiHlbxRDZOpH0KW9+CeX4bRAaX0Anxt0tx2MrpRpWwQaPwIlISEJhYU5Pw==}
    dev: true

  /big.js/5.2.2:
    resolution: {integrity: sha512-vyL2OymJxmarO8gxMr0mhChsO9QGwhynfuu4+MHTAW6czfq9humCB7rKpUjDd9YUiDPU4mzpyupFSvOClAwbmQ==}
    dev: true

  /binary-extensions/2.2.0:
    resolution: {integrity: sha512-jDctJ/IVQbZoJykoeHbhXpOlNBqGNcwXJKJog42E5HDPUwQTSdjCHdihjj0DlnheQ7blbT6dHOafNAiS8ooQKA==}
    engines: {node: '>=8'}
    dev: true

  /bluebird/3.7.2:
    resolution: {integrity: sha512-XpNj6GDQzdfW+r2Wnn7xiSAd7TM3jzkxGXBGTtWKuSXv1xUV+azxAm8jdWZN06QTQk+2N2XB9jRDkvbmQmcRtg==}
    dev: true

  /bootstrap-scss/5.1.0:
    resolution: {integrity: sha512-i+YnVoyFvS5E64hnOurMhshY6mhlaghpRGq2qitOwWL9vSKppTRzZaL6PCCmONZV5JLeAZkJS9xQdEYTixMNhQ==}
    dev: true

  /brace-expansion/1.1.11:
    resolution: {integrity: sha512-iCuPHDFgrHX7H2vEI/5xpz07zSHB00TpugqhmYtVmMO6518mCuRMoOYFldEBl0g187ufozdaHgWKcYFb61qGiA==}
    dependencies:
      balanced-match: 1.0.2
      concat-map: 0.0.1
    dev: true

  /braces/3.0.2:
    resolution: {integrity: sha512-b8um+L1RzM3WDSzvhm6gIz1yfTbBt6YTlcEKAvsmqCZZFw46z626lVj9j1yEPW33H5H+lBQpZMP1k8l+78Ha0A==}
    engines: {node: '>=8'}
    dependencies:
      fill-range: 7.0.1
    dev: true

  /browser-cookies/1.2.0:
    resolution: {integrity: sha1-/KP/ubamOq3E2MCZnGtX0Pp9KbU=}
    dev: false

  /bulma/0.9.3:
    resolution: {integrity: sha512-0d7GNW1PY4ud8TWxdNcP6Cc8Bu7MxcntD/RRLGWuiw/s0a9P+XlH/6QoOIrmbj6o8WWJzJYhytiu9nFjTszk1g==}
    dev: false

  /call-bind/1.0.2:
    resolution: {integrity: sha512-7O+FbCihrB5WGbFYesctwmTKae6rOiIzmz1icreWJ+0aA7LJfuqhEso2T9ncpcFtzMQtzXf2QGGueWJGTYsqrA==}
    dependencies:
      function-bind: 1.1.1
      get-intrinsic: 1.1.1
    dev: false

  /chokidar/3.5.2:
    resolution: {integrity: sha512-ekGhOnNVPgT77r4K/U3GDhu+FQ2S8TnK/s2KbIGXi0SZWuwkZ2QNyfWdZW+TVfn84DpEP7rLeCt2UI6bJ8GwbQ==}
    engines: {node: '>= 8.10.0'}
    dependencies:
      anymatch: 3.1.2
      braces: 3.0.2
      glob-parent: 5.1.2
      is-binary-path: 2.1.0
      is-glob: 4.0.1
      normalize-path: 3.0.0
      readdirp: 3.6.0
    optionalDependencies:
      fsevents: 2.3.2
    dev: true

  /clone/2.1.2:
    resolution: {integrity: sha1-G39Ln1kfHo+DZwQBYANFoCiHQ18=}
    engines: {node: '>=0.8'}
    dev: false

  /colorette/1.3.0:
    resolution: {integrity: sha512-ecORCqbSFP7Wm8Y6lyqMJjexBQqXSF7SSeaTyGGphogUjBlFP9m9o08wy86HL2uB7fMTxtOUzLMk7ogKcxMg1w==}
    dev: true

  /compare-versions/3.6.0:
    resolution: {integrity: sha512-W6Af2Iw1z4CB7q4uU4hv646dW9GQuBM+YpC0UvUCWSD8w90SJjp+ujJuXaEMtAXBtSqGfMPuFOVn4/+FlaqfBA==}
    dev: false

  /concat-map/0.0.1:
    resolution: {integrity: sha1-2Klr13/Wjfd5OnMDajug1UBdR3s=}
    dev: true

  /consolidate/0.16.0:
    resolution: {integrity: sha512-Nhl1wzCslqXYTJVDyJCu3ODohy9OfBMB5uD2BiBTzd7w+QY0lBzafkR8y8755yMYHAaMD4NuzbAw03/xzfw+eQ==}
    engines: {node: '>= 0.10.0'}
    dependencies:
      bluebird: 3.7.2
    dev: true

  /contra/1.9.4:
    resolution: {integrity: sha1-9TveQtfltZhcrk2ZqNYQUm3o8o0=}
    dependencies:
      atoa: 1.0.0
      ticky: 1.0.1
    dev: false

  /core-js/3.17.3:
    resolution: {integrity: sha512-lyvajs+wd8N1hXfzob1LdOCCHFU4bGMbqqmLn1Q4QlCpDqWPpGf+p0nj+LNrvDDG33j0hZXw2nsvvVpHysxyNw==}
    requiresBuild: true
    dev: false

  /crossvent/1.5.5:
    resolution: {integrity: sha1-rSCHjkkh6b5z2daXb4suzQ9xoLE=}
    dependencies:
      custom-event: 1.0.1
    dev: false

  /cssesc/3.0.0:
    resolution: {integrity: sha512-/Tb/JcjK111nNScGob5MNtsntNM1aCNUDipB/TkwZFhyDrrE47SOx/18wF2bbjgc3ZzCSKW1T5nt5EbFoAz/Vg==}
    engines: {node: '>=4'}
    hasBin: true
    dev: true

  /csstype/2.6.17:
    resolution: {integrity: sha512-u1wmTI1jJGzCJzWndZo8mk4wnPTZd1eOIYTYvuEyOQGfmDl3TrabCCfKnOC86FZwW/9djqTl933UF/cS425i9A==}
    dev: false

  /custom-event-polyfill/1.0.7:
    resolution: {integrity: sha512-TDDkd5DkaZxZFM8p+1I3yAlvM3rSr1wbrOliG4yJiwinMZN8z/iGL7BTlDkrJcYTmgUSb4ywVCc3ZaUtOtC76w==}
    dev: false

  /custom-event/1.0.1:
    resolution: {integrity: sha1-XQKkaFCt8bSjF5RqOSj8y1v9BCU=}
    dev: false

  /deep-equal/1.1.1:
    resolution: {integrity: sha512-yd9c5AdiqVcR+JjcwUQb9DkhJc8ngNr0MahEBGvDiJw8puWab2yZlh+nkasOnZP+EGTAP6rRp2JzJhJZzvNF8g==}
    dependencies:
      is-arguments: 1.1.1
      is-date-object: 1.0.5
      is-regex: 1.1.4
      object-is: 1.1.5
      object-keys: 1.1.1
      regexp.prototype.flags: 1.3.1
    dev: false

  /deep-equal/2.0.5:
    resolution: {integrity: sha512-nPiRgmbAtm1a3JsnLCf6/SLfXcjyN5v8L1TXzdCmHrXJ4hx+gW/w1YCcn7z8gJtSiDArZCgYtbao3QqLm/N1Sw==}
    dependencies:
      call-bind: 1.0.2
      es-get-iterator: 1.1.2
      get-intrinsic: 1.1.1
      is-arguments: 1.1.1
      is-date-object: 1.0.5
      is-regex: 1.1.4
      isarray: 2.0.5
      object-is: 1.1.5
      object-keys: 1.1.1
      object.assign: 4.1.2
      regexp.prototype.flags: 1.3.1
      side-channel: 1.0.4
      which-boxed-primitive: 1.0.2
      which-collection: 1.0.1
      which-typed-array: 1.1.7
    dev: false

  /deepmerge/4.2.2:
    resolution: {integrity: sha512-FJ3UgI4gIl+PHZm53knsuSFpE+nESMr7M4v9QcgB7S63Kj/6WqMiFQJpBBYz1Pt+66bZpP3Q7Lye0Oo9MPKEdg==}
    engines: {node: '>=0.10.0'}
    dev: false

  /define-properties/1.1.3:
    resolution: {integrity: sha512-3MqfYKj2lLzdMSf8ZIZE/V+Zuy+BgD6f164e8K2w7dgnpKArBDerGYpM46IYYcjnkdPNMjPk9A6VFB8+3SKlXQ==}
    engines: {node: '>= 0.4'}
    dependencies:
      object-keys: 1.1.1
    dev: false

  /dialog-polyfill/0.5.6:
    resolution: {integrity: sha512-ZbVDJI9uvxPAKze6z146rmfUZjBqNEwcnFTVamQzXH+svluiV7swmVIGr7miwADgfgt1G2JQIytypM9fbyhX4w==}
    dev: false

  /dompurify/2.3.1:
    resolution: {integrity: sha512-xGWt+NHAQS+4tpgbOAI08yxW0Pr256Gu/FNE2frZVTbgrBUn8M7tz7/ktS/LZ2MHeGqz6topj0/xY+y8R5FBFw==}
    dev: false

  /downloadjs/1.4.7:
    resolution: {integrity: sha1-9p+W+UDg0FU9rCkROYZaPNAQHjw=}
    dev: false

  /dragula/3.7.3:
    resolution: {integrity: sha512-/rRg4zRhcpf81TyDhaHLtXt6sEywdfpv1cRUMeFFy7DuypH2U0WUL0GTdyAQvXegviT4PJK4KuMmOaIDpICseQ==}
    dependencies:
      contra: 1.9.4
      crossvent: 1.5.5
    dev: false

  /emojis-list/3.0.0:
    resolution: {integrity: sha512-/kyM18EfinwXZbno9FyUGeFh87KC8HRQBQGildHZbEuRyWFOmv1U10o9BBp8XVZDVNNuQKyIGIu5ZYAAXJ0V2Q==}
    engines: {node: '>= 4'}
    dev: true

  /es-abstract/1.18.6:
    resolution: {integrity: sha512-kAeIT4cku5eNLNuUKhlmtuk1/TRZvQoYccn6TO0cSVdf1kzB0T7+dYuVK9MWM7l+/53W2Q8M7N2c6MQvhXFcUQ==}
    engines: {node: '>= 0.4'}
    dependencies:
      call-bind: 1.0.2
      es-to-primitive: 1.2.1
      function-bind: 1.1.1
      get-intrinsic: 1.1.1
      get-symbol-description: 1.0.0
      has: 1.0.3
      has-symbols: 1.0.2
      internal-slot: 1.0.3
      is-callable: 1.2.4
      is-negative-zero: 2.0.1
      is-regex: 1.1.4
      is-string: 1.0.7
      object-inspect: 1.11.0
      object-keys: 1.1.1
      object.assign: 4.1.2
      string.prototype.trimend: 1.0.4
      string.prototype.trimstart: 1.0.4
      unbox-primitive: 1.0.1
    dev: false

  /es-get-iterator/1.1.2:
    resolution: {integrity: sha512-+DTO8GYwbMCwbywjimwZMHp8AuYXOS2JZFWoi2AlPOS3ebnII9w/NLpNZtA7A0YLaVDw+O7KFCeoIV7OPvM7hQ==}
    dependencies:
      call-bind: 1.0.2
      get-intrinsic: 1.1.1
      has-symbols: 1.0.2
      is-arguments: 1.1.1
      is-map: 2.0.2
      is-set: 2.0.2
      is-string: 1.0.7
      isarray: 2.0.5
    dev: false

  /es-to-primitive/1.2.1:
    resolution: {integrity: sha512-QCOllgZJtaUo9miYBcLChTUaHNjJF3PYs1VidD7AwiEj1kYxKeQTctLAezAOH5ZKRH0g2IgPn6KwB4IT8iRpvA==}
    engines: {node: '>= 0.4'}
    dependencies:
      is-callable: 1.2.4
      is-date-object: 1.0.5
      is-symbol: 1.0.4
    dev: false

  /esbuild/0.12.24:
    resolution: {integrity: sha512-C0ibY+HsXzYB6L/pLWEiWjMpghKsIc58Q5yumARwBQsHl9DXPakW+5NI/Y9w4YXiz0PEP6XTGTT/OV4Nnsmb4A==}
    hasBin: true
    requiresBuild: true
    dev: true

  /estree-walker/2.0.2:
    resolution: {integrity: sha512-Rfkk/Mp/DL7JVje3u18FxFujQlTNR2q6QfMSMB7AvCBx91NGj/ba3kCfza0f6dVDbw7YlRf/nDrn7pQrCCyQ/w==}

  /eventemitter3/4.0.7:
    resolution: {integrity: sha512-8guHBZCwKnFhYdHr2ysuRWErTwhoN2X8XELRlrRwpmfeY2jjuUN4taQMsULKUVo1K4DvZl+0pgfyoysHxvmvEw==}
    dev: false

  /extend/3.0.2:
    resolution: {integrity: sha512-fjquC59cD7CyW6urNXK0FBufkZcoiGG80wTuPujX590cB5Ttln20E2UB4S/WARVqhXffZl2LNgS+gQdPIIim/g==}
    dev: false

  /fast-deep-equal/2.0.1:
    resolution: {integrity: sha1-ewUhjd+WZ79/Nwv3/bLLFf3Qqkk=}
    dev: false

  /fast-deep-equal/3.1.3:
    resolution: {integrity: sha512-f3qQ9oQy9j2AhBe/H9VC91wLmKBCCU/gDOnKNAYG5hswO7BLKj09Hc5HYNz9cGI++xlpDCIgDaitVs03ATR84Q==}
    dev: false

  /fast-diff/1.2.0:
    resolution: {integrity: sha512-xJuoT5+L99XlZ8twedaRf6Ax2TgQVxvgZOYoPKqZufmJib0tL2tegPBOZb1pVNgIhlqDlA0eO0c3wBvQcmzx4w==}
    dev: false

  /fast-json-patch/2.2.1:
    resolution: {integrity: sha512-4j5uBaTnsYAV5ebkidvxiLUYOwjQ+JSFljeqfTxCrH9bDmlCQaOJFS84oDJ2rAXZq2yskmk3ORfoP9DCwqFNig==}
    engines: {node: '>= 0.4.0'}
    dependencies:
      fast-deep-equal: 2.0.1
    dev: false

  /fetch-ponyfill/7.1.0:
    resolution: {integrity: sha512-FhbbL55dj/qdVO3YNK7ZEkshvj3eQ7EuIGV2I6ic/2YiocvyWv+7jg2s4AyS0wdRU75s3tA8ZxI/xPigb0v5Aw==}
    dependencies:
      node-fetch: 2.6.2
    dev: false

  /fill-range/7.0.1:
    resolution: {integrity: sha512-qOo9F+dMUmC2Lcb4BbVvnKJxTPjCm+RRpe4gDuGrzkL7mEVl/djYSu2OdQ2Pa302N4oqkSg9ir6jaLWJ2USVpQ==}
    engines: {node: '>=8'}
    dependencies:
      to-regex-range: 5.0.1
    dev: true

  /font-awesome/4.7.0:
    resolution: {integrity: sha1-j6jPBBGhoxr9B7BtKQK7n8gVoTM=}
    engines: {node: '>=0.10.3'}
    dev: false

  /foreach/2.0.5:
    resolution: {integrity: sha1-C+4AUBiusmDQo6865ljdATbsG5k=}
    dev: false

  /formiojs/4.13.5:
    resolution: {integrity: sha512-XW2uLBjVkixKz4zgCFqm034Ra6rx8EK6lzKDjX2DKT/5DieubUufMUgSgDjiuRwE6NHCmXzLjNNSZ2UBHJKZJQ==}
    dependencies:
      '@formio/bootstrap3': 2.11.4-rc.1
      '@formio/choices.js': 9.0.1
      '@formio/semantic': 2.5.3
      '@formio/vanilla-text-mask': 5.1.1
      autocompleter: 6.1.2
      browser-cookies: 1.2.0
      compare-versions: 3.6.0
      core-js: 3.17.3
      custom-event-polyfill: 1.0.7
      dialog-polyfill: 0.5.6
      dompurify: 2.3.1
      downloadjs: 1.4.7
      dragula: 3.7.3
      eventemitter3: 4.0.7
      fast-deep-equal: 3.1.3
      fast-json-patch: 2.2.1
      fetch-ponyfill: 7.1.0
      i18next: 20.6.1
      idb: 6.1.3
      ismobilejs: 1.1.1
      json-logic-js: 2.0.1
      jstimezonedetect: 1.0.7
      jwt-decode: 3.1.2
      lodash: 4.17.21
      moment: 2.29.1
      moment-timezone: 0.5.33
      native-promise-only: 0.8.1
      quill: 2.0.0-dev.4
      resize-observer-polyfill: 1.5.1
      signature_pad: 2.3.2
      string-hash: 1.1.3
      text-mask-addons: 3.8.0
      tooltip.js: 1.3.3
      uuid: 8.3.2
      vanilla-picker: 2.11.2
    dev: false

  /fs.realpath/1.0.0:
    resolution: {integrity: sha1-FQStJSMVjKpA20onh8sBQRmU6k8=}
    dev: true

  /fsevents/2.3.2:
    resolution: {integrity: sha512-xiqMQR4xAeHTuB9uWm+fFRcIOgKBMiOBP+eXiyT7jsgVCq1bkVygt00oASowB7EdtpOHaaPgKt812P9ab+DDKA==}
    engines: {node: ^8.16.0 || ^10.6.0 || >=11.0.0}
    os: [darwin]
    requiresBuild: true
    dev: true
    optional: true

  /function-bind/1.1.1:
    resolution: {integrity: sha512-yIovAzMX49sF8Yl58fSCWJ5svSLuaibPxXQJFLmBObTuCr0Mf1KiPopGM9NiFjiYBCbfaa2Fh6breQ6ANVTI0A==}

  /fuse.js/3.6.1:
    resolution: {integrity: sha512-hT9yh/tiinkmirKrlv4KWOjztdoZo1mx9Qh4KvWqC7isoXwdUY3PNWUxceF4/qO9R6riA2C29jdTOeQOIROjgw==}
    engines: {node: '>=6'}
    dev: false

  /generic-names/2.0.1:
    resolution: {integrity: sha512-kPCHWa1m9wGG/OwQpeweTwM/PYiQLrUIxXbt/P4Nic3LbGjCP0YwrALHW1uNLKZ0LIMg+RF+XRlj2ekT9ZlZAQ==}
    dependencies:
      loader-utils: 1.4.0
    dev: true

  /get-intrinsic/1.1.1:
    resolution: {integrity: sha512-kWZrnVM42QCiEA2Ig1bG8zjoIMOgxWwYCEeNdwY6Tv/cOSeGpcoX4pXHfKUxNKVoArnrEr2e9srnAxxGIraS9Q==}
    dependencies:
      function-bind: 1.1.1
      has: 1.0.3
      has-symbols: 1.0.2
    dev: false

  /get-symbol-description/1.0.0:
    resolution: {integrity: sha512-2EmdH1YvIQiZpltCNgkuiUnyukzxM/R6NDJX31Ke3BG1Nq5b0S2PhX59UKi9vZpPDQVdqn+1IcaAwnzTT5vCjw==}
    engines: {node: '>= 0.4'}
    dependencies:
      call-bind: 1.0.2
      get-intrinsic: 1.1.1
    dev: false

  /glob-parent/5.1.2:
    resolution: {integrity: sha512-AOIgSQCepiJYwP3ARnGx+5VnTu2HBYdzbGP45eLw1vr3zB3vZLeyed1sC9hnbcOc9/SrMyM5RPQrkGz4aS9Zow==}
    engines: {node: '>= 6'}
    dependencies:
      is-glob: 4.0.1
    dev: true

  /glob/7.1.7:
    resolution: {integrity: sha512-OvD9ENzPLbegENnYP5UUfJIirTg4+XwMWGaQfQTY0JenxNvvIKP3U3/tAQSPIu/lHxXYSZmpXlUHeqAIdKzBLQ==}
    dependencies:
      fs.realpath: 1.0.0
      inflight: 1.0.6
      inherits: 2.0.4
      minimatch: 3.0.4
      once: 1.4.0
      path-is-absolute: 1.0.1
    dev: true

  /has-bigints/1.0.1:
    resolution: {integrity: sha512-LSBS2LjbNBTf6287JEbEzvJgftkF5qFkmCo9hDRpAzKhUOlJ+hx8dd4USs00SgsUNwc4617J9ki5YtEClM2ffA==}
    dev: false

  /has-symbols/1.0.2:
    resolution: {integrity: sha512-chXa79rL/UC2KlX17jo3vRGz0azaWEx5tGqZg5pO3NUyEJVB17dMruQlzCCOfUvElghKcm5194+BCRvi2Rv/Gw==}
    engines: {node: '>= 0.4'}
    dev: false

  /has-tostringtag/1.0.0:
    resolution: {integrity: sha512-kFjcSNhnlGV1kyoGk7OXKSawH5JOb/LzUc5w9B02hOTO0dfFRjbHQKvg1d6cf3HbeUmtU9VbbV3qzZ2Teh97WQ==}
    engines: {node: '>= 0.4'}
    dependencies:
      has-symbols: 1.0.2
    dev: false

  /has/1.0.3:
    resolution: {integrity: sha512-f2dvO0VU6Oej7RkWJGrehjbzMAjFp5/VKPp5tTpWIV4JHHZK1/BxbFRtf/siA2SWTe09caDmVtYYzWEIbBS4zw==}
    engines: {node: '>= 0.4.0'}
    dependencies:
      function-bind: 1.1.1

  /hash-sum/2.0.0:
    resolution: {integrity: sha512-WdZTbAByD+pHfl/g9QSsBIIwy8IT+EsPiKDs0KNX+zSHhdDLFKdZu0BQHljvO+0QI/BasbMSUa8wYNCZTvhslg==}
    dev: true

  /i18next/20.6.1:
    resolution: {integrity: sha512-yCMYTMEJ9ihCwEQQ3phLo7I/Pwycf8uAx+sRHwwk5U9Aui/IZYgQRyMqXafQOw5QQ7DM1Z+WyEXWIqSuJHhG2A==}
    dependencies:
      '@babel/runtime': 7.15.4
    dev: false

  /icss-replace-symbols/1.1.0:
    resolution: {integrity: sha1-Bupvg2ead0njhs/h/oEq5dsiPe0=}
    dev: true

  /icss-utils/5.1.0_postcss@8.3.6:
    resolution: {integrity: sha512-soFhflCVWLfRNOPU3iv5Z9VUdT44xFRbzjLsEzSr5AQmgqPMTHdU3PMT1Cf1ssx8fLNJDA1juftYl+PUcv3MqA==}
    engines: {node: ^10 || ^12 || >= 14}
    peerDependencies:
      postcss: ^8.1.0
    dependencies:
      postcss: 8.3.6
    dev: true

  /idb/6.1.3:
    resolution: {integrity: sha512-oIRDpVcs5KXpI1hRnTJUwkY63RB/7iqu9nSNuzXN8TLHjs7oO20IoPFbBTsqxIL5IjzIUDi+FXlVcK4zm26J8A==}
    dev: false

  /inflight/1.0.6:
    resolution: {integrity: sha1-Sb1jMdfQLQwJvJEKEHW6gWW1bfk=}
    dependencies:
      once: 1.4.0
      wrappy: 1.0.2
    dev: true

  /inherits/2.0.4:
    resolution: {integrity: sha512-k/vGaX4/Yla3WzyMCvTQOXYeIHvqOKtnqBduzTHpzpQZzAskKMhZ2K+EnBiSM9zGSoIFeMpXKxa4dYeZIQqewQ==}
    dev: true

  /internal-slot/1.0.3:
    resolution: {integrity: sha512-O0DB1JC/sPyZl7cIo78n5dR7eUSwwpYPiXRhTzNxZVAMUuB8vlnRFyLxdrVToks6XPLVnFfbzaVd5WLjhgg+vA==}
    engines: {node: '>= 0.4'}
    dependencies:
      get-intrinsic: 1.1.1
      has: 1.0.3
      side-channel: 1.0.4
    dev: false

  /is-arguments/1.1.1:
    resolution: {integrity: sha512-8Q7EARjzEnKpt/PCD7e1cgUS0a6X8u5tdSiMqXhojOdoV9TsMsiO+9VLC5vAmO8N7/GmXn7yjR8qnA6bVAEzfA==}
    engines: {node: '>= 0.4'}
    dependencies:
      call-bind: 1.0.2
      has-tostringtag: 1.0.0
    dev: false

  /is-bigint/1.0.4:
    resolution: {integrity: sha512-zB9CruMamjym81i2JZ3UMn54PKGsQzsJeo6xvN3HJJ4CAsQNB6iRutp2To77OfCNuoxspsIhzaPoO1zyCEhFOg==}
    dependencies:
      has-bigints: 1.0.1
    dev: false

  /is-binary-path/2.1.0:
    resolution: {integrity: sha512-ZMERYes6pDydyuGidse7OsHxtbI7WVeUEozgR/g7rd0xUimYNlvZRE/K2MgZTjWy725IfelLeVcEM97mmtRGXw==}
    engines: {node: '>=8'}
    dependencies:
      binary-extensions: 2.2.0
    dev: true

  /is-boolean-object/1.1.2:
    resolution: {integrity: sha512-gDYaKHJmnj4aWxyj6YHyXVpdQawtVLHU5cb+eztPGczf6cjuTdwve5ZIEfgXqH4e57An1D1AKf8CZ3kYrQRqYA==}
    engines: {node: '>= 0.4'}
    dependencies:
      call-bind: 1.0.2
      has-tostringtag: 1.0.0
    dev: false

  /is-callable/1.2.4:
    resolution: {integrity: sha512-nsuwtxZfMX67Oryl9LCQ+upnC0Z0BgpwntpS89m1H/TLF0zNfzfLMV/9Wa/6MZsj0acpEjAO0KF1xT6ZdLl95w==}
    engines: {node: '>= 0.4'}
    dev: false

  /is-core-module/2.6.0:
    resolution: {integrity: sha512-wShG8vs60jKfPWpF2KZRaAtvt3a20OAn7+IJ6hLPECpSABLcKtFKTTI4ZtH5QcBruBHlq+WsdHWyz0BCZW7svQ==}
    dependencies:
      has: 1.0.3
    dev: true

  /is-date-object/1.0.5:
    resolution: {integrity: sha512-9YQaSxsAiSwcvS33MBk3wTCVnWK+HhF8VZR2jRxehM16QcVOdHqPn4VPHmRK4lSr38n9JriurInLcP90xsYNfQ==}
    engines: {node: '>= 0.4'}
    dependencies:
      has-tostringtag: 1.0.0
    dev: false

  /is-extglob/2.1.1:
    resolution: {integrity: sha1-qIwCU1eR8C7TfHahueqXc8gz+MI=}
    engines: {node: '>=0.10.0'}
    dev: true

  /is-glob/4.0.1:
    resolution: {integrity: sha512-5G0tKtBTFImOqDnLB2hG6Bp2qcKEFduo4tZu9MT/H6NQv/ghhy30o55ufafxJ/LdH79LLs2Kfrn85TLKyA7BUg==}
    engines: {node: '>=0.10.0'}
    dependencies:
      is-extglob: 2.1.1
    dev: true

  /is-map/2.0.2:
    resolution: {integrity: sha512-cOZFQQozTha1f4MxLFzlgKYPTyj26picdZTx82hbc/Xf4K/tZOOXSCkMvU4pKioRXGDLJRn0GM7Upe7kR721yg==}
    dev: false

  /is-negative-zero/2.0.1:
    resolution: {integrity: sha512-2z6JzQvZRa9A2Y7xC6dQQm4FSTSTNWjKIYYTt4246eMTJmIo0Q+ZyOsU66X8lxK1AbB92dFeglPLrhwpeRKO6w==}
    engines: {node: '>= 0.4'}
    dev: false

  /is-number-object/1.0.6:
    resolution: {integrity: sha512-bEVOqiRcvo3zO1+G2lVMy+gkkEm9Yh7cDMRusKKu5ZJKPUYSJwICTKZrNKHA2EbSP0Tu0+6B/emsYNHZyn6K8g==}
    engines: {node: '>= 0.4'}
    dependencies:
      has-tostringtag: 1.0.0
    dev: false

  /is-number/7.0.0:
    resolution: {integrity: sha512-41Cifkg6e8TylSpdtTpeLVMqvSBEVzTttHvERD741+pnZ8ANv0004MRL43QKPDlK9cGvNp6NZWZUBlbGXYxxng==}
    engines: {node: '>=0.12.0'}
    dev: true

  /is-regex/1.1.4:
    resolution: {integrity: sha512-kvRdxDsxZjhzUX07ZnLydzS1TU/TJlTUHHY4YLL87e37oUA49DfkLqgy+VjFocowy29cKvcSiu+kIv728jTTVg==}
    engines: {node: '>= 0.4'}
    dependencies:
      call-bind: 1.0.2
      has-tostringtag: 1.0.0
    dev: false

  /is-set/2.0.2:
    resolution: {integrity: sha512-+2cnTEZeY5z/iXGbLhPrOAaK/Mau5k5eXq9j14CpRTftq0pAJu2MwVRSZhyZWBzx3o6X795Lz6Bpb6R0GKf37g==}
    dev: false

  /is-string/1.0.7:
    resolution: {integrity: sha512-tE2UXzivje6ofPW7l23cjDOMa09gb7xlAqG6jG5ej6uPV32TlWP3NKPigtaGeHNu9fohccRYvIiZMfOOnOYUtg==}
    engines: {node: '>= 0.4'}
    dependencies:
      has-tostringtag: 1.0.0
    dev: false

  /is-symbol/1.0.4:
    resolution: {integrity: sha512-C/CPBqKWnvdcxqIARxyOh4v1UUEOCHpgDa0WYgpKDFMszcrPcffg5uhwSgPCLD2WWxmq6isisz87tzT01tuGhg==}
    engines: {node: '>= 0.4'}
    dependencies:
      has-symbols: 1.0.2
    dev: false

  /is-typed-array/1.1.8:
    resolution: {integrity: sha512-HqH41TNZq2fgtGT8WHVFVJhBVGuY3AnP3Q36K8JKXUxSxRgk/d+7NjmwG2vo2mYmXK8UYZKu0qH8bVP5gEisjA==}
    engines: {node: '>= 0.4'}
    dependencies:
      available-typed-arrays: 1.0.5
      call-bind: 1.0.2
      es-abstract: 1.18.6
      foreach: 2.0.5
      has-tostringtag: 1.0.0
    dev: false

  /is-weakmap/2.0.1:
    resolution: {integrity: sha512-NSBR4kH5oVj1Uwvv970ruUkCV7O1mzgVFO4/rev2cLRda9Tm9HrL70ZPut4rOHgY0FNrUu9BCbXA2sdQ+x0chA==}
    dev: false

  /is-weakset/2.0.1:
    resolution: {integrity: sha512-pi4vhbhVHGLxohUw7PhGsueT4vRGFoXhP7+RGN0jKIv9+8PWYCQTqtADngrxOm2g46hoH0+g8uZZBzMrvVGDmw==}
    dev: false

  /isarray/2.0.5:
    resolution: {integrity: sha512-xHjhDr3cNBK0BzdUJSPXZntQUx/mwMS5Rw4A7lPJ90XGAO6ISP/ePDNuo0vhqOZU+UD5JoodwCAAoZQd3FeAKw==}
    dev: false

  /ismobilejs/1.1.1:
    resolution: {integrity: sha512-VaFW53yt8QO61k2WJui0dHf4SlL8lxBofUuUmwBo0ljPk0Drz2TiuDW4jo3wDcv41qy/SxrJ+VAzJ/qYqsmzRw==}
    dev: false

  /json-logic-js/2.0.1:
    resolution: {integrity: sha512-J3hhqM4IY66sL8qyzU7cwLmTAt3kA6ZsYxyuZBEwhcc+OYPTmAHc64fBTXHT6K5RwFeUqJUX1tfO7wpKsUx+9A==}
    dev: false

  /json5/1.0.1:
    resolution: {integrity: sha512-aKS4WQjPenRxiQsC93MNfjx+nbF4PAdYzmd/1JIj8HYzqfbu86beTuNgXDzPknWk0n0uARlyewZo4s++ES36Ow==}
    hasBin: true
    dependencies:
      minimist: 1.2.5
    dev: true

  /jstimezonedetect/1.0.7:
    resolution: {integrity: sha512-ARADHortktl9IZ1tr4GHwGPIAzgz3mLNCbR/YjWtRtc/O0o634O3NeFlpLjv95EvuDA5dc8z6yfgbS8nUc4zcQ==}
    dev: false

  /jwt-decode/3.1.2:
    resolution: {integrity: sha512-UfpWE/VZn0iP50d8cz9NrZLM9lSWhcJ+0Gt/nm4by88UL+J1SiKN8/5dkjMmbEzwL2CAe+67GsegCbIKtbp75A==}
    dev: false

  /loader-utils/1.4.0:
    resolution: {integrity: sha512-qH0WSMBtn/oHuwjy/NucEgbx5dbxxnxup9s4PVXJUDHZBQY+s0NWA9rJf53RBnQZxfch7euUui7hpoAPvALZdA==}
    engines: {node: '>=4.0.0'}
    dependencies:
      big.js: 5.2.2
      emojis-list: 3.0.0
      json5: 1.0.1
    dev: true

  /lodash.camelcase/4.3.0:
    resolution: {integrity: sha1-soqmKIorn8ZRA1x3EfZathkDMaY=}
    dev: true

  /lodash/4.17.21:
    resolution: {integrity: sha512-v2kDEe57lecTulaDIuNTPy3Ry4gLGJ6Z1O3vE1krgXZNrsQ+LFTGHVxVjcXPs17LhbZVGedAJv8XZ1tvj5FvSg==}
    dev: false

  /lru-cache/5.1.1:
    resolution: {integrity: sha512-KpNARQA3Iwv+jTA0utUVVbrh+Jlrr1Fv0e56GGzAFOXN7dk/FviaDW8LHmK52DlcH4WP2n6gI8vN1aesBFgo9w==}
    dependencies:
      yallist: 3.1.1
    dev: true

  /magic-string/0.25.7:
    resolution: {integrity: sha512-4CrMT5DOHTDk4HYDlzmwu4FVCcIYI8gauveasrdCu2IKIFOJ3f0v/8MDGJCDL9oD2ppz/Av1b0Nj345H9M+XIA==}
    dependencies:
      sourcemap-codec: 1.4.8
    dev: true

  /merge-source-map/1.1.0:
    resolution: {integrity: sha512-Qkcp7P2ygktpMPh2mCQZaf3jhN6D3Z/qVZHSdWvQ+2Ef5HgRAPBO57A77+ENm0CPx2+1Ce/MYKi3ymqdfuqibw==}
    dependencies:
      source-map: 0.6.1
    dev: true

  /minimatch/3.0.4:
    resolution: {integrity: sha512-yJHVQEhyqPLUTgt9B83PXu6W3rx4MvvHvSUvToogpwoGDOUQ+yDrR0HRot+yOCdCO7u4hX3pWft6kWBBcqh0UA==}
    dependencies:
      brace-expansion: 1.1.11
    dev: true

  /minimist/1.2.5:
    resolution: {integrity: sha512-FM9nNUYrRBAELZQT3xeZQ7fmMOBg6nWNmJKTcgsJeaLstP/UODVpGsr5OhXhhXg6f+qtJ8uiZ+PUxkDWcgIXLw==}
    dev: true

  /moment-timezone/0.5.33:
    resolution: {integrity: sha512-PTc2vcT8K9J5/9rDEPe5czSIKgLoGsH8UNpA4qZTVw0Vd/Uz19geE9abbIOQKaAQFcnQ3v5YEXrbSc5BpshH+w==}
    dependencies:
      moment: 2.29.1
    dev: false

  /moment/2.29.1:
    resolution: {integrity: sha512-kHmoybcPV8Sqy59DwNDY3Jefr64lK/by/da0ViFcuA4DH0vQg5Q6Ze5VimxkfQNSC+Mls/Kx53s7TjP1RhFEDQ==}
    dev: false

  /nanoid/3.1.25:
    resolution: {integrity: sha512-rdwtIXaXCLFAQbnfqDRnI6jaRHp9fTcYBjtFKE8eezcZ7LuLjhUaQGNeMXf1HmRoCH32CLz6XwX0TtxEOS/A3Q==}
    engines: {node: ^10 || ^12 || ^13.7 || ^14 || >=15.0.1}
    hasBin: true
    dev: true

  /native-promise-only/0.8.1:
    resolution: {integrity: sha1-IKMYwwy0X3H+et+/eyHJnBRy7xE=}
    dev: false

  /node-fetch/2.6.2:
    resolution: {integrity: sha512-aLoxToI6RfZ+0NOjmWAgn9+LEd30YCkJKFSyWacNZdEKTit/ZMcKjGkTRo8uWEsnIb/hfKecNPEbln02PdWbcA==}
    engines: {node: 4.x || >=6.0.0}
    dev: false

  /normalize-path/3.0.0:
    resolution: {integrity: sha512-6eZs5Ls3WtCisHWp9S2GUy8dqkpGi4BVSz3GaqiE6ezub0512ESztXUwUB6C6IKbQkY2Pnb/mD4WYojCRwcwLA==}
    engines: {node: '>=0.10.0'}
    dev: true

  /object-inspect/1.11.0:
    resolution: {integrity: sha512-jp7ikS6Sd3GxQfZJPyH3cjcbJF6GZPClgdV+EFygjFLQ5FmW/dRUnTd9PQ9k0JhoNDabWFbpF1yCdSWCC6gexg==}
    dev: false

  /object-is/1.1.5:
    resolution: {integrity: sha512-3cyDsyHgtmi7I7DfSSI2LDp6SK2lwvtbg0p0R1e0RvTqF5ceGx+K2dfSjm1bKDMVCFEDAQvy+o8c6a7VujOddw==}
    engines: {node: '>= 0.4'}
    dependencies:
      call-bind: 1.0.2
      define-properties: 1.1.3
    dev: false

  /object-keys/1.1.1:
    resolution: {integrity: sha512-NuAESUOUMrlIXOfHKzD6bpPu3tYt3xvjNdRIQ+FeT0lNb4K8WR70CaDxhuNguS2XG+GjkyMwOzsN5ZktImfhLA==}
    engines: {node: '>= 0.4'}
    dev: false

  /object.assign/4.1.2:
    resolution: {integrity: sha512-ixT2L5THXsApyiUPYKmW+2EHpXXe5Ii3M+f4e+aJFAHao5amFRW6J0OO6c/LU8Be47utCx2GL89hxGB6XSmKuQ==}
    engines: {node: '>= 0.4'}
    dependencies:
      call-bind: 1.0.2
      define-properties: 1.1.3
      has-symbols: 1.0.2
      object-keys: 1.1.1
    dev: false

  /once/1.4.0:
    resolution: {integrity: sha1-WDsap3WWHUsROsF9nFC6753Xa9E=}
    dependencies:
      wrappy: 1.0.2
    dev: true

  /parchment/2.0.0-dev.2:
    resolution: {integrity: sha512-4fgRny4pPISoML08Zp7poi52Dff3E2G1ORTi2D/acJ/RiROdDAMDB6VcQNfBcmehrX5Wixp6dxh6JjLyE5yUNQ==}
    dev: false

  /path-is-absolute/1.0.1:
    resolution: {integrity: sha1-F0uSaHNVNP+8es5r9TpanhtcX18=}
    engines: {node: '>=0.10.0'}
    dev: true

  /path-parse/1.0.7:
    resolution: {integrity: sha512-LDJzPVEEEPR+y48z93A0Ed0yXb8pAByGWo/k5YYdYgpY2/2EsOsksJrq7lOHxryrVOn1ejG6oAp8ahvOIQD8sw==}
    dev: true

  /picomatch/2.3.0:
    resolution: {integrity: sha512-lY1Q/PiJGC2zOv/z391WOTD+Z02bCgsFfvxoXXf6h7kv9o+WmsmzYqrAwY63sNgOxE4xEdq0WyUnXfKeBrSvYw==}
    engines: {node: '>=8.6'}
    dev: true

  /popper.js/1.16.1:
    resolution: {integrity: sha512-Wb4p1J4zyFTbM+u6WuO4XstYx4Ky9Cewe4DWrel7B0w6VVICvPwdOpotjzcf6eD8TsckVnIMNONQyPIUFOUbCQ==}
    deprecated: You can find the new Popper v2 at @popperjs/core, this package is dedicated to the legacy v1
    dev: false

  /postcss-modules-extract-imports/3.0.0_postcss@8.3.6:
    resolution: {integrity: sha512-bdHleFnP3kZ4NYDhuGlVK+CMrQ/pqUm8bx/oGL93K6gVwiclvX5x0n76fYMKuIGKzlABOy13zsvqjb0f92TEXw==}
    engines: {node: ^10 || ^12 || >= 14}
    peerDependencies:
      postcss: ^8.1.0
    dependencies:
      postcss: 8.3.6
    dev: true

  /postcss-modules-local-by-default/4.0.0_postcss@8.3.6:
    resolution: {integrity: sha512-sT7ihtmGSF9yhm6ggikHdV0hlziDTX7oFoXtuVWeDd3hHObNkcHRo9V3yg7vCAY7cONyxJC/XXCmmiHHcvX7bQ==}
    engines: {node: ^10 || ^12 || >= 14}
    peerDependencies:
      postcss: ^8.1.0
    dependencies:
      icss-utils: 5.1.0_postcss@8.3.6
      postcss: 8.3.6
      postcss-selector-parser: 6.0.6
      postcss-value-parser: 4.1.0
    dev: true

  /postcss-modules-scope/3.0.0_postcss@8.3.6:
    resolution: {integrity: sha512-hncihwFA2yPath8oZ15PZqvWGkWf+XUfQgUGamS4LqoP1anQLOsOJw0vr7J7IwLpoY9fatA2qiGUGmuZL0Iqlg==}
    engines: {node: ^10 || ^12 || >= 14}
    peerDependencies:
      postcss: ^8.1.0
    dependencies:
      postcss: 8.3.6
      postcss-selector-parser: 6.0.6
    dev: true

  /postcss-modules-values/4.0.0_postcss@8.3.6:
    resolution: {integrity: sha512-RDxHkAiEGI78gS2ofyvCsu7iycRv7oqw5xMWn9iMoR0N/7mf9D50ecQqUo5BZ9Zh2vH4bCUR/ktCqbB9m8vJjQ==}
    engines: {node: ^10 || ^12 || >= 14}
    peerDependencies:
      postcss: ^8.1.0
    dependencies:
      icss-utils: 5.1.0_postcss@8.3.6
      postcss: 8.3.6
    dev: true

  /postcss-modules/4.2.2_postcss@8.3.6:
    resolution: {integrity: sha512-/H08MGEmaalv/OU8j6bUKi/kZr2kqGF6huAW8m9UAgOLWtpFdhA14+gPBoymtqyv+D4MLsmqaF2zvIegdCxJXg==}
    peerDependencies:
      postcss: ^8.0.0
    dependencies:
      generic-names: 2.0.1
      icss-replace-symbols: 1.1.0
      lodash.camelcase: 4.3.0
      postcss: 8.3.6
      postcss-modules-extract-imports: 3.0.0_postcss@8.3.6
      postcss-modules-local-by-default: 4.0.0_postcss@8.3.6
      postcss-modules-scope: 3.0.0_postcss@8.3.6
      postcss-modules-values: 4.0.0_postcss@8.3.6
      string-hash: 1.1.3
    dev: true

  /postcss-selector-parser/6.0.6:
    resolution: {integrity: sha512-9LXrvaaX3+mcv5xkg5kFwqSzSH1JIObIx51PrndZwlmznwXRfxMddDvo9gve3gVR8ZTKgoFDdWkbRFmEhT4PMg==}
    engines: {node: '>=4'}
    dependencies:
      cssesc: 3.0.0
      util-deprecate: 1.0.2
    dev: true

  /postcss-value-parser/4.1.0:
    resolution: {integrity: sha512-97DXOFbQJhk71ne5/Mt6cOu6yxsSfM0QGQyl0L25Gca4yGWEGJaig7l7gbCX623VqTBNGLRLaVUCnNkcedlRSQ==}
    dev: true

  /postcss/8.3.6:
    resolution: {integrity: sha512-wG1cc/JhRgdqB6WHEuyLTedf3KIRuD0hG6ldkFEZNCjRxiC+3i6kkWUUbiJQayP28iwG35cEmAbe98585BYV0A==}
    engines: {node: ^10 || ^12 || >=14}
    dependencies:
      colorette: 1.3.0
      nanoid: 3.1.25
      source-map-js: 0.6.2
    dev: true

  /quill-delta/4.2.1:
    resolution: {integrity: sha512-Y2nksOj6Q+4hizre8n0dml76vLNGK4/y86EoI1d7rv6EL1bx7DPDYRmqQMPu1UqFQO/uQuVHQ3fOmm4ZSzWrfA==}
    dependencies:
      deep-equal: 1.1.1
      extend: 3.0.2
      fast-diff: 1.2.0
    dev: false

  /quill/2.0.0-dev.4:
    resolution: {integrity: sha512-9WmMVCEIhf3lDdhzl+i+GBDeDl0BFi65waC4Im8Y4HudEJ9kEEb1lciAz9A8pcDmLMjiMbvz84lNt/U5OBS8Vg==}
    dependencies:
      clone: 2.1.2
      deep-equal: 2.0.5
      eventemitter3: 4.0.7
      extend: 3.0.2
      parchment: 2.0.0-dev.2
      quill-delta: 4.2.1
    dev: false

  /readdirp/3.6.0:
    resolution: {integrity: sha512-hOS089on8RduqdbhvQ5Z37A0ESjsqz6qnRcffsMU3495FuTdqSm+7bhJ29JvIOsBDEEnan5DPu9t3To9VRlMzA==}
    engines: {node: '>=8.10.0'}
    dependencies:
      picomatch: 2.3.0
    dev: true

  /redux/4.1.1:
    resolution: {integrity: sha512-hZQZdDEM25UY2P493kPYuKqviVwZ58lEmGQNeQ+gXa+U0gYPUBf7NKYazbe3m+bs/DzM/ahN12DbF+NG8i0CWw==}
    dependencies:
      '@babel/runtime': 7.15.4
    dev: false

  /regenerator-runtime/0.13.9:
    resolution: {integrity: sha512-p3VT+cOEgxFsRRA9X4lkI1E+k2/CtnKtU4gcxyaCUreilL/vqI6CdZ3wxVUx3UOUg+gnUOQQcRI7BmSI656MYA==}
    dev: false

  /regexp.prototype.flags/1.3.1:
    resolution: {integrity: sha512-JiBdRBq91WlY7uRJ0ds7R+dU02i6LKi8r3BuQhNXn+kmeLN+EfHhfjqMRis1zJxnlu88hq/4dx0P2OP3APRTOA==}
    engines: {node: '>= 0.4'}
    dependencies:
      call-bind: 1.0.2
      define-properties: 1.1.3
    dev: false

  /resize-observer-polyfill/1.5.1:
    resolution: {integrity: sha512-LwZrotdHOo12nQuZlHEmtuXdqGoOD0OhaxopaNFxWzInpEgaLWoVuAMbTzixuosCx2nEG58ngzW3vxdWoxIgdg==}
    dev: false

  /resolve/1.20.0:
    resolution: {integrity: sha512-wENBPt4ySzg4ybFQW2TT1zMQucPK95HSh/nq2CFTZVOGut2+pQvSsgtda4d26YrYcr067wjbmzOG8byDPBX63A==}
    dependencies:
      is-core-module: 2.6.0
      path-parse: 1.0.7
    dev: true

  /rollup/2.56.3:
    resolution: {integrity: sha512-Au92NuznFklgQCUcV96iXlxUbHuB1vQMaH76DHl5M11TotjOHwqk9CwcrT78+Tnv4FN9uTBxq6p4EJoYkpyekg==}
    engines: {node: '>=10.0.0'}
    hasBin: true
    optionalDependencies:
      fsevents: 2.3.2
    dev: true

  /sass/1.38.2:
    resolution: {integrity: sha512-Bz1fG6qiyF0FX6m/I+VxtdVKz1Dfmg/e9kfDy2PhWOkq3T384q2KxwIfP0fXpeI+EyyETdOauH+cRHQDFASllA==}
    engines: {node: '>=8.9.0'}
    hasBin: true
    dependencies:
      chokidar: 3.5.2
    dev: true

  /side-channel/1.0.4:
    resolution: {integrity: sha512-q5XPytqFEIKHkGdiMIrY10mvLRvnQh42/+GoBlFW3b2LXLE2xxJpZFdm94we0BaoV3RwJyGqg5wS7epxTv0Zvw==}
    dependencies:
      call-bind: 1.0.2
      get-intrinsic: 1.1.1
      object-inspect: 1.11.0
    dev: false

  /signature_pad/2.3.2:
    resolution: {integrity: sha512-peYXLxOsIY6MES2TrRLDiNg2T++8gGbpP2yaC+6Ohtxr+a2dzoaqWosWDY9sWqTAAk6E/TyQO+LJw9zQwyu5kA==}
    dev: false

  /source-map-js/0.6.2:
    resolution: {integrity: sha512-/3GptzWzu0+0MBQFrDKzw/DvvMTUORvgY6k6jd/VS6iCR4RDTKWH6v6WPwQoUO8667uQEf9Oe38DxAYWY5F/Ug==}
    engines: {node: '>=0.10.0'}
    dev: true

  /source-map/0.6.1:
    resolution: {integrity: sha512-UjgapumWlbMhkBgzT7Ykc5YXUT46F0iKu8SGXq0bcwP5dz/h0Plj6enJqjz1Zbq2l5WaqYnrVbwWOWMyF3F47g==}
    engines: {node: '>=0.10.0'}

  /sourcemap-codec/1.4.8:
    resolution: {integrity: sha512-9NykojV5Uih4lgo5So5dtw+f0JgJX30KCNI8gwhz2J9A15wD0Ml6tjHKwf6fTSa6fAdVBdZeNOs9eJ71qCk8vA==}
    dev: true

  /string-hash/1.1.3:
    resolution: {integrity: sha1-6Kr8CsGFW0Zmkp7X3RJ1311sgRs=}

  /string.prototype.trimend/1.0.4:
    resolution: {integrity: sha512-y9xCjw1P23Awk8EvTpcyL2NIr1j7wJ39f+k6lvRnSMz+mz9CGz9NYPelDk42kOz6+ql8xjfK8oYzy3jAP5QU5A==}
    dependencies:
      call-bind: 1.0.2
      define-properties: 1.1.3
    dev: false

  /string.prototype.trimstart/1.0.4:
    resolution: {integrity: sha512-jh6e984OBfvxS50tdY2nRZnoC5/mLFKOREQfw8t5yytkoUsJRNxvI/E39qu1sD0OtWI3OC0XgKSmcWwziwYuZw==}
    dependencies:
      call-bind: 1.0.2
      define-properties: 1.1.3
    dev: false

  /text-mask-addons/3.8.0:
    resolution: {integrity: sha1-F7Ye9mWk82gR8uofAaIjtL5hqyY=}
    dev: false

  /ticky/1.0.1:
    resolution: {integrity: sha1-t8+nHnaPHJAAxJe5FRswlHxQ5G0=}
    dev: false

  /to-fast-properties/2.0.0:
    resolution: {integrity: sha1-3F5pjL0HkmW8c+A3doGk5Og/YW4=}
    engines: {node: '>=4'}

  /to-regex-range/5.0.1:
    resolution: {integrity: sha512-65P7iz6X5yEr1cwcgvQxbbIw7Uk3gOy5dIdtZ4rDveLqhrdJP+Li/Hx6tyK0NEb+2GCyneCMJiGqrADCSNk8sQ==}
    engines: {node: '>=8.0'}
    dependencies:
      is-number: 7.0.0
    dev: true

  /tooltip.js/1.3.3:
    resolution: {integrity: sha512-XWWuy/dBdF/F/YpRE955yqBZ4VdLfiTAUdOqoU+wJm6phJlMpEzl/iYHZ+qJswbeT9VG822bNfsETF9wzmoy5A==}
    deprecated: Tooltip.js is not supported anymore, please migrate to tippy.js
    dependencies:
      popper.js: 1.16.1
    dev: false

  /unbox-primitive/1.0.1:
    resolution: {integrity: sha512-tZU/3NqK3dA5gpE1KtyiJUrEB0lxnGkMFHptJ7q6ewdZ8s12QrODwNbhIJStmJkd1QDXa1NRA8aF2A1zk/Ypyw==}
    dependencies:
      function-bind: 1.1.1
      has-bigints: 1.0.1
      has-symbols: 1.0.2
      which-boxed-primitive: 1.0.2
    dev: false

  /util-deprecate/1.0.2:
    resolution: {integrity: sha1-RQ1Nyfpw3nMnYvvS1KKJgUGaDM8=}
    dev: true

  /uuid/8.3.2:
    resolution: {integrity: sha512-+NYs2QeMWy+GWFOEm9xnn6HCDp0l7QBD7ml8zLUmJ+93Q5NF0NocErnwkTkXVFNiX3/fpC6afS8Dhb/gz7R7eg==}
    hasBin: true
    dev: false

  /vanilla-picker/2.11.2:
    resolution: {integrity: sha512-2cP7LlUnxHxwOf06ReUVtd2RFJMnJGaxN2s0p8wzBH3In5b00Le7fFZ9VrIoBE0svZkSq/BC/Pwq/k/9n+AA2g==}
    dependencies:
      '@sphinxxxx/color-conversion': 2.2.2
    dev: false

  /vite/2.5.2:
    resolution: {integrity: sha512-JK5uhiVyMqHiAJbgBa8rCvpP8bEhAE9dKDv1gCmP+EUP2FSPmEeW3WXlCXauPB3MDa8behPW+ntyNXqnGaxslg==}
    engines: {node: '>=12.2.0'}
    hasBin: true
    dependencies:
      esbuild: 0.12.24
      postcss: 8.3.6
      resolve: 1.20.0
      rollup: 2.56.3
    optionalDependencies:
      fsevents: 2.3.2
    dev: true

  /vue-router/4.0.11_vue@3.2.6:
    resolution: {integrity: sha512-sha6I8fx9HWtvTrFZfxZkiQQBpqSeT+UCwauYjkdOQYRvwsGwimlQQE2ayqUwuuXGzquFpCPoXzYKWlzL4OuXg==}
    peerDependencies:
      vue: ^3.0.0
    dependencies:
      '@vue/devtools-api': 6.0.0-beta.15
      vue: 3.2.6
    dev: false

  /vue/3.2.6:
    resolution: {integrity: sha512-Zlb3LMemQS3Xxa6xPsecu45bNjr1hxO8Bh5FUmE0Dr6Ot0znZBKiM47rK6O7FTcakxOnvVN+NTXWJF6u8ajpCQ==}
    dependencies:
      '@vue/compiler-dom': 3.2.6
      '@vue/runtime-dom': 3.2.6
      '@vue/shared': 3.2.6
    dev: false

  /vuex/4.0.2_vue@3.2.6:
    resolution: {integrity: sha512-M6r8uxELjZIK8kTKDGgZTYX/ahzblnzC4isU1tpmEuOIIKmV+TRdc+H4s8ds2NuZ7wpUTdGRzJRtoj+lI+pc0Q==}
    peerDependencies:
      vue: ^3.0.2
    dependencies:
      '@vue/devtools-api': 6.0.0-beta.15
      vue: 3.2.6
    dev: false

  /which-boxed-primitive/1.0.2:
    resolution: {integrity: sha512-bwZdv0AKLpplFY2KZRX6TvyuN7ojjr7lwkg6ml0roIy9YeuSr7JS372qlNW18UQYzgYK9ziGcerWqZOmEn9VNg==}
    dependencies:
      is-bigint: 1.0.4
      is-boolean-object: 1.1.2
      is-number-object: 1.0.6
      is-string: 1.0.7
      is-symbol: 1.0.4
    dev: false

  /which-collection/1.0.1:
    resolution: {integrity: sha512-W8xeTUwaln8i3K/cY1nGXzdnVZlidBcagyNFtBdD5kxnb4TvGKR7FfSIS3mYpwWS1QUCutfKz8IY8RjftB0+1A==}
    dependencies:
      is-map: 2.0.2
      is-set: 2.0.2
      is-weakmap: 2.0.1
      is-weakset: 2.0.1
    dev: false

  /which-typed-array/1.1.7:
    resolution: {integrity: sha512-vjxaB4nfDqwKI0ws7wZpxIlde1XrLX5uB0ZjpfshgmapJMD7jJWhZI+yToJTqaFByF0eNBcYxbjmCzoRP7CfEw==}
    engines: {node: '>= 0.4'}
    dependencies:
      available-typed-arrays: 1.0.5
      call-bind: 1.0.2
      es-abstract: 1.18.6
      foreach: 2.0.5
      has-tostringtag: 1.0.0
      is-typed-array: 1.1.8
    dev: false

  /wrappy/1.0.2:
    resolution: {integrity: sha1-tSQ9jz7BqjXxNkYFvA0QNuMKtp8=}
    dev: true

  /yallist/3.1.1:
    resolution: {integrity: sha512-a4UGQaWPH59mOXUYnAG2ewncQS4i4F43Tv3JoAM+s2VDAmS9NsK8GpDMLrCHPksFT7h3K6TOoUNn2pb7RoXx4g==}
    dev: true
